<?xml version="1.0" encoding="utf-8"?>
<Project ToolsVersion="4.0" xmlns="http://schemas.microsoft.com/developer/msbuild/2003">
  <ItemGroup>
    <Filter Include="Source Files">
      <UniqueIdentifier>{4FC737F1-C7A5-4376-A066-2A32D752A2FF}</UniqueIdentifier>
      <Extensions>cpp;c;cc;cxx;def;odl;idl;hpj;bat;asm;asmx</Extensions>
    </Filter>
    <Filter Include="Header Files">
      <UniqueIdentifier>{93995380-89BD-4b04-88EB-625FBE52EBFB}</UniqueIdentifier>
      <Extensions>h;hh;hpp;hxx;hm;inl;inc;xsd</Extensions>
    </Filter>
    <Filter Include="Resource Files">
      <UniqueIdentifier>{67DA6AB6-F800-4c08-8B7A-83BB121AAD01}</UniqueIdentifier>
      <Extensions>rc;ico;cur;bmp;dlg;rc2;rct;bin;rgs;gif;jpg;jpeg;jpe;resx;tiff;tif;png;wav;mfcribbon-ms</Extensions>
    </Filter>
  </ItemGroup>
  <ItemGroup>
    <ClInclude Include="NeuralNetwork.h">
      <Filter>Header Files</Filter>
    </ClInclude>
    <ClInclude Include="src\optimizers\Optimizers.h">
      <Filter>Header Files</Filter>
    </ClInclude>
    <ClInclude Include="src\regularizers\Regularizers.h">
      <Filter>Header Files</Filter>
    </ClInclude>
    <ClInclude Include="src\activations\ActivationFunctions.h">
      <Filter>Header Files</Filter>
    </ClInclude>
    <ClInclude Include="src\initializers\WeightInitializers.h">
      <Filter>Header Files</Filter>
    </ClInclude>
    <ClInclude Include="src\layers\Layer.h">
      <Filter>Header Files</Filter>
    </ClInclude>
    <ClInclude Include="src\losses\LossFunctions.h">
      <Filter>Header Files</Filter>
    </ClInclude>
    <ClInclude Include="src\math\Matrix.h">
      <Filter>Header Files</Filter>
    </ClInclude>
    <ClInclude Include="python\PythonAPI.h">
      <Filter>Header Files</Filter>
    </ClInclude>
  </ItemGroup>
  <ItemGroup>
    <ClCompile Include="src\NeuralNetwork.cpp">
      <Filter>Source Files</Filter>
    </ClCompile>
    <ClCompile Include="src\optimizers\Adadelta.cpp">
      <Filter>Source Files</Filter>
    </ClCompile>
    <ClCompile Include="src\optimizers\Adagrad.cpp">
      <Filter>Source Files</Filter>
    </ClCompile>
    <ClCompile Include="src\optimizers\Adam.cpp">
      <Filter>Source Files</Filter>
    </ClCompile>
    <ClCompile Include="src\optimizers\Adamax.cpp">
      <Filter>Source Files</Filter>
    </ClCompile>
    <ClCompile Include="src\optimizers\AMSGrad.cpp">
      <Filter>Source Files</Filter>
    </ClCompile>
    <ClCompile Include="src\optimizers\GradientDescent.cpp">
      <Filter>Source Files</Filter>
    </ClCompile>
    <ClCompile Include="src\optimizers\Momentum.cpp">
      <Filter>Source Files</Filter>
    </ClCompile>
    <ClCompile Include="src\optimizers\Nadam.cpp">
      <Filter>Source Files</Filter>
    </ClCompile>
    <ClCompile Include="src\optimizers\Nesterov.cpp">
      <Filter>Source Files</Filter>
    </ClCompile>
    <ClCompile Include="src\optimizers\RMSProp.cpp">
      <Filter>Source Files</Filter>
    </ClCompile>
    <ClCompile Include="src\regularizers\L1.cpp">
      <Filter>Source Files</Filter>
    </ClCompile>
    <ClCompile Include="src\regularizers\L1L2.cpp">
      <Filter>Source Files</Filter>
    </ClCompile>
    <ClCompile Include="src\regularizers\L2.cpp">
      <Filter>Source Files</Filter>
    </ClCompile>
    <ClCompile Include="src\regularizers\Regularizers.cpp">
      <Filter>Source Files</Filter>
    </ClCompile>
    <ClCompile Include="src\activations\ActivationFunctions.cpp">
      <Filter>Source Files</Filter>
    </ClCompile>
    <ClCompile Include="src\activations\ELU.cpp">
      <Filter>Source Files</Filter>
    </ClCompile>
    <ClCompile Include="src\activations\LeakyReLU.cpp">
      <Filter>Source Files</Filter>
    </ClCompile>
    <ClCompile Include="src\activations\ReLU.cpp">
      <Filter>Source Files</Filter>
    </ClCompile>
    <ClCompile Include="src\activations\Sigmoid.cpp">
      <Filter>Source Files</Filter>
    </ClCompile>
    <ClCompile Include="src\activations\Softmax.cpp">
      <Filter>Source Files</Filter>
    </ClCompile>
    <ClCompile Include="src\activations\Tanh.cpp">
      <Filter>Source Files</Filter>
    </ClCompile>
    <ClCompile Include="src\initializers\HeNormal.cpp">
      <Filter>Source Files</Filter>
    </ClCompile>
    <ClCompile Include="src\initializers\HeUniform.cpp">
      <Filter>Source Files</Filter>
    </ClCompile>
    <ClCompile Include="src\initializers\LeCunNormal.cpp">
      <Filter>Source Files</Filter>
    </ClCompile>
    <ClCompile Include="src\initializers\LeCunUniform.cpp">
      <Filter>Source Files</Filter>
    </ClCompile>
    <ClCompile Include="src\initializers\Random.cpp">
      <Filter>Source Files</Filter>
    </ClCompile>
    <ClCompile Include="src\initializers\WeightInitializers.cpp">
      <Filter>Source Files</Filter>
    </ClCompile>
    <ClCompile Include="src\initializers\XavierNormal.cpp">
      <Filter>Source Files</Filter>
    </ClCompile>
    <ClCompile Include="src\initializers\XavierUniform.cpp">
      <Filter>Source Files</Filter>
    </ClCompile>
    <ClCompile Include="src\layers\Layer.cpp">
      <Filter>Source Files</Filter>
    </ClCompile>
    <ClCompile Include="src\losses\CrossEntropy.cpp">
      <Filter>Source Files</Filter>
    </ClCompile>
    <ClCompile Include="src\losses\HalfQuadratic.cpp">
      <Filter>Source Files</Filter>
    </ClCompile>
    <ClCompile Include="src\losses\LossFunctions.cpp">
      <Filter>Source Files</Filter>
    </ClCompile>
    <ClCompile Include="src\losses\MeanAbsoluteError.cpp">
      <Filter>Source Files</Filter>
    </ClCompile>
    <ClCompile Include="src\losses\MeanSquaredError.cpp">
      <Filter>Source Files</Filter>
    </ClCompile>
    <ClCompile Include="src\losses\NegativeLogLikelihood.cpp">
      <Filter>Source Files</Filter>
    </ClCompile>
    <ClCompile Include="src\losses\Quadratic.cpp">
      <Filter>Source Files</Filter>
    </ClCompile>
    <ClCompile Include="src\math\Matrix.cpp">
      <Filter>Source Files</Filter>
    </ClCompile>
  </ItemGroup>
</Project>