
Microsoft Visual Studio Solution File, Format Version 12.00
# Visual Studio 14
VisualStudioVersion = 14.0.25420.1
MinimumVisualStudioVersion = 10.0.40219.1
Project("{8BC9CEB8-8B4A-11D0-8D11-00A0C91BC942}") = "NeuralNetwork", "NeuralNetwork\NeuralNetwork.vcxproj", "{3C212B10-A663-40E7-831F-5661F70A6A3F}"
EndProject
Project("{8BC9CEB8-8B4A-11D0-8D11-00A0C91BC942}") = "XorExample", "Examples\XorExample\XorExample.vcxproj", "{59283145-DB43-438F-B657-FFD0D4C1C44D}"
EndProject
Project("{8BC9CEB8-8B4A-11D0-8D11-00A0C91BC942}") = "HandwrittenDigitsRecognition", "Examples\HandwrittenDigitsRecognition\HandwrittenDigitsRecognition.vcxproj", "{A2F46E84-0778-42E2-B213-F5911F1500A2}"
EndProject
Global
	GlobalSection(SolutionConfigurationPlatforms) = preSolution
		Debug|x64 = Debug|x64
		Debug|x86 = Debug|x86
		Release|x64 = Release|x64
		Release|x86 = Release|x86
	EndGlobalSection
	GlobalSection(ProjectConfigurationPlatforms) = postSolution
		{3C212B10-A663-40E7-831F-5661F70A6A3F}.Debug|x64.ActiveCfg = Debug|x64
		{3C212B10-A663-40E7-831F-5661F70A6A3F}.Debug|x64.Build.0 = Debug|x64
		{3C212B10-A663-40E7-831F-5661F70A6A3F}.Debug|x86.ActiveCfg = Debug|Win32
		{3C212B10-A663-40E7-831F-5661F70A6A3F}.Debug|x86.Build.0 = Debug|Win32
		{3C212B10-A663-40E7-831F-5661F70A6A3F}.Release|x64.ActiveCfg = Release|x64
		{3C212B10-A663-40E7-831F-5661F70A6A3F}.Release|x64.Build.0 = Release|x64
		{3C212B10-A663-40E7-831F-5661F70A6A3F}.Release|x86.ActiveCfg = Release|Win32
		{3C212B10-A663-40E7-831F-5661F70A6A3F}.Release|x86.Build.0 = Release|Win32
		{59283145-DB43-438F-B657-FFD0D4C1C44D}.Debug|x64.ActiveCfg = Debug|x64
		{59283145-DB43-438F-B657-FFD0D4C1C44D}.Debug|x64.Build.0 = Debug|x64
		{59283145-DB43-438F-B657-FFD0D4C1C44D}.Debug|x86.ActiveCfg = Debug|Win32
		{59283145-DB43-438F-B657-FFD0D4C1C44D}.Debug|x86.Build.0 = Debug|Win32
		{59283145-DB43-438F-B657-FFD0D4C1C44D}.Release|x64.ActiveCfg = Release|x64
		{59283145-DB43-438F-B657-FFD0D4C1C44D}.Release|x64.Build.0 = Release|x64
		{59283145-DB43-438F-B657-FFD0D4C1C44D}.Release|x86.ActiveCfg = Release|Win32
		{59283145-DB43-438F-B657-FFD0D4C1C44D}.Release|x86.Build.0 = Release|Win32
		{A2F46E84-0778-42E2-B213-F5911F1500A2}.Debug|x64.ActiveCfg = Debug|x64
		{A2F46E84-0778-42E2-B213-F5911F1500A2}.Debug|x64.Build.0 = Debug|x64
		{A2F46E84-0778-42E2-B213-F5911F1500A2}.Debug|x86.ActiveCfg = Debug|Win32
		{A2F46E84-0778-42E2-B213-F5911F1500A2}.Debug|x86.Build.0 = Debug|Win32
		{A2F46E84-0778-42E2-B213-F5911F1500A2}.Release|x64.ActiveCfg = Release|x64
		{A2F46E84-0778-42E2-B213-F5911F1500A2}.Release|x64.Build.0 = Release|x64
		{A2F46E84-0778-42E2-B213-F5911F1500A2}.Release|x64.Deploy.0 = Release|x64
		{A2F46E84-0778-42E2-B213-F5911F1500A2}.Release|x86.ActiveCfg = Release|Win32
		{A2F46E84-0778-42E2-B213-F5911F1500A2}.Release|x86.Build.0 = Release|Win32
	EndGlobalSection
	GlobalSection(SolutionProperties) = preSolution
		HideSolutionNode = FALSE
	EndGlobalSection
EndGlobal
